{
  "version": 4,
  "terraform_version": "1.13.3",
  "serial": 89,
  "lineage": "05dfdf46-cefb-d17a-e494-7d9a0abfaa5a",
  "outputs": {
    "acr_admin_username": {
      "value": "bbrgacrnpxttzhb",
      "type": "string"
    },
    "acr_login_server": {
      "value": "bbrgacrnpxttzhb.azurecr.io",
      "type": "string"
    },
    "resource_group_name": {
      "value": "BurgerBuilderRG-ACA",
      "type": "string"
    }
  },
  "resources": [
    {
      "mode": "managed",
      "type": "azurerm_application_gateway",
      "name": "appgw",
      "provider": "provider[\"registry.terraform.io/hashicorp/azurerm\"]",
      "instances": [
        {
          "schema_version": 0,
          "attributes": {
            "authentication_certificate": [],
            "autoscale_configuration": [],
            "backend_address_pool": [
              {
                "fqdns": [
                  "backend-api"
                ],
                "id": "/subscriptions/4421688c-0a8d-4588-8dd0-338c5271d0af/resourceGroups/BurgerBuilderRG-ACA/providers/Microsoft.Network/applicationGateways/burger-appgw/backendAddressPools/backend-pool",
                "ip_addresses": [],
                "name": "backend-pool"
              },
              {
                "fqdns": [
                  "frontend-app"
                ],
                "id": "/subscriptions/4421688c-0a8d-4588-8dd0-338c5271d0af/resourceGroups/BurgerBuilderRG-ACA/providers/Microsoft.Network/applicationGateways/burger-appgw/backendAddressPools/frontend-pool",
                "ip_addresses": [],
                "name": "frontend-pool"
              }
            ],
            "backend_http_settings": [
              {
                "affinity_cookie_name": "",
                "authentication_certificate": [],
                "connection_draining": [],
                "cookie_based_affinity": "Disabled",
                "host_name": "",
                "id": "/subscriptions/4421688c-0a8d-4588-8dd0-338c5271d0af/resourceGroups/BurgerBuilderRG-ACA/providers/Microsoft.Network/applicationGateways/burger-appgw/backendHttpSettingsCollection/backend-settings",
                "name": "backend-settings",
                "path": "/",
                "pick_host_name_from_backend_address": false,
                "port": 8080,
                "probe_id": "",
                "probe_name": "",
                "protocol": "Http",
                "request_timeout": 60,
                "trusted_root_certificate_names": []
              },
              {
                "affinity_cookie_name": "",
                "authentication_certificate": [],
                "connection_draining": [],
                "cookie_based_affinity": "Disabled",
                "host_name": "",
                "id": "/subscriptions/4421688c-0a8d-4588-8dd0-338c5271d0af/resourceGroups/BurgerBuilderRG-ACA/providers/Microsoft.Network/applicationGateways/burger-appgw/backendHttpSettingsCollection/frontend-settings",
                "name": "frontend-settings",
                "path": "/",
                "pick_host_name_from_backend_address": false,
                "port": 80,
                "probe_id": "",
                "probe_name": "",
                "protocol": "Http",
                "request_timeout": 60,
                "trusted_root_certificate_names": []
              }
            ],
            "custom_error_configuration": [],
            "enable_http2": false,
            "fips_enabled": false,
            "firewall_policy_id": "",
            "force_firewall_policy_association": false,
            "frontend_ip_configuration": [
              {
                "id": "/subscriptions/4421688c-0a8d-4588-8dd0-338c5271d0af/resourceGroups/BurgerBuilderRG-ACA/providers/Microsoft.Network/applicationGateways/burger-appgw/frontendIPConfigurations/appgw-frontend-ip",
                "name": "appgw-frontend-ip",
                "private_ip_address": "",
                "private_ip_address_allocation": "Dynamic",
                "private_link_configuration_id": "",
                "private_link_configuration_name": "",
                "public_ip_address_id": "/subscriptions/4421688c-0a8d-4588-8dd0-338c5271d0af/resourceGroups/BurgerBuilderRG-ACA/providers/Microsoft.Network/publicIPAddresses/appgw-public-ip",
                "subnet_id": ""
              }
            ],
            "frontend_port": [
              {
                "id": "/subscriptions/4421688c-0a8d-4588-8dd0-338c5271d0af/resourceGroups/BurgerBuilderRG-ACA/providers/Microsoft.Network/applicationGateways/burger-appgw/frontendPorts/port-80",
                "name": "port-80",
                "port": 80
              }
            ],
            "gateway_ip_configuration": [
              {
                "id": "/subscriptions/4421688c-0a8d-4588-8dd0-338c5271d0af/resourceGroups/BurgerBuilderRG-ACA/providers/Microsoft.Network/applicationGateways/burger-appgw/gatewayIPConfigurations/appgw-ip-config",
                "name": "appgw-ip-config",
                "subnet_id": "/subscriptions/4421688c-0a8d-4588-8dd0-338c5271d0af/resourceGroups/BurgerBuilderRG-ACA/providers/Microsoft.Network/virtualNetworks/burger-vnet/subnets/appgw-subnet"
              }
            ],
            "global": [],
            "http_listener": [
              {
                "custom_error_configuration": [],
                "firewall_policy_id": "",
                "frontend_ip_configuration_id": "/subscriptions/4421688c-0a8d-4588-8dd0-338c5271d0af/resourceGroups/BurgerBuilderRG-ACA/providers/Microsoft.Network/applicationGateways/burger-appgw/frontendIPConfigurations/appgw-frontend-ip",
                "frontend_ip_configuration_name": "appgw-frontend-ip",
                "frontend_port_id": "/subscriptions/4421688c-0a8d-4588-8dd0-338c5271d0af/resourceGroups/BurgerBuilderRG-ACA/providers/Microsoft.Network/applicationGateways/burger-appgw/frontendPorts/port-80",
                "frontend_port_name": "port-80",
                "host_name": "",
                "host_names": [],
                "id": "/subscriptions/4421688c-0a8d-4588-8dd0-338c5271d0af/resourceGroups/BurgerBuilderRG-ACA/providers/Microsoft.Network/applicationGateways/burger-appgw/httpListeners/http-listener",
                "name": "http-listener",
                "protocol": "Http",
                "require_sni": false,
                "ssl_certificate_id": "",
                "ssl_certificate_name": "",
                "ssl_profile_id": "",
                "ssl_profile_name": ""
              }
            ],
            "id": "/subscriptions/4421688c-0a8d-4588-8dd0-338c5271d0af/resourceGroups/BurgerBuilderRG-ACA/providers/Microsoft.Network/applicationGateways/burger-appgw",
            "identity": [],
            "location": "eastus",
            "name": "burger-appgw",
            "private_endpoint_connection": [],
            "private_link_configuration": [],
            "probe": [],
            "redirect_configuration": [],
            "request_routing_rule": [
              {
                "backend_address_pool_id": "",
                "backend_address_pool_name": "",
                "backend_http_settings_id": "",
                "backend_http_settings_name": "",
                "http_listener_id": "/subscriptions/4421688c-0a8d-4588-8dd0-338c5271d0af/resourceGroups/BurgerBuilderRG-ACA/providers/Microsoft.Network/applicationGateways/burger-appgw/httpListeners/http-listener",
                "http_listener_name": "http-listener",
                "id": "/subscriptions/4421688c-0a8d-4588-8dd0-338c5271d0af/resourceGroups/BurgerBuilderRG-ACA/providers/Microsoft.Network/applicationGateways/burger-appgw/requestRoutingRules/path-based-routing",
                "name": "path-based-routing",
                "priority": 10,
                "redirect_configuration_id": "",
                "redirect_configuration_name": "",
                "rewrite_rule_set_id": "",
                "rewrite_rule_set_name": "",
                "rule_type": "PathBasedRouting",
                "url_path_map_id": "/subscriptions/4421688c-0a8d-4588-8dd0-338c5271d0af/resourceGroups/BurgerBuilderRG-ACA/providers/Microsoft.Network/applicationGateways/burger-appgw/urlPathMaps/burger-path-map",
                "url_path_map_name": "burger-path-map"
              }
            ],
            "resource_group_name": "BurgerBuilderRG-ACA",
            "rewrite_rule_set": [],
            "sku": [
              {
                "capacity": 1,
                "name": "Standard_v2",
                "tier": "Standard_v2"
              }
            ],
            "ssl_certificate": [],
            "ssl_policy": [
              {
                "cipher_suites": [],
                "disabled_protocols": [],
                "min_protocol_version": "",
                "policy_name": "AppGwSslPolicy20220101",
                "policy_type": "Predefined"
              }
            ],
            "ssl_profile": [],
            "tags": {},
            "timeouts": null,
            "trusted_client_certificate": [],
            "trusted_root_certificate": [],
            "url_path_map": [
              {
                "default_backend_address_pool_id": "/subscriptions/4421688c-0a8d-4588-8dd0-338c5271d0af/resourceGroups/BurgerBuilderRG-ACA/providers/Microsoft.Network/applicationGateways/burger-appgw/backendAddressPools/frontend-pool",
                "default_backend_address_pool_name": "frontend-pool",
                "default_backend_http_settings_id": "/subscriptions/4421688c-0a8d-4588-8dd0-338c5271d0af/resourceGroups/BurgerBuilderRG-ACA/providers/Microsoft.Network/applicationGateways/burger-appgw/backendHttpSettingsCollection/frontend-settings",
                "default_backend_http_settings_name": "frontend-settings",
                "default_redirect_configuration_id": "",
                "default_redirect_configuration_name": "",
                "default_rewrite_rule_set_id": "",
                "default_rewrite_rule_set_name": "",
                "id": "/subscriptions/4421688c-0a8d-4588-8dd0-338c5271d0af/resourceGroups/BurgerBuilderRG-ACA/providers/Microsoft.Network/applicationGateways/burger-appgw/urlPathMaps/burger-path-map",
                "name": "burger-path-map",
                "path_rule": [
                  {
                    "backend_address_pool_id": "/subscriptions/4421688c-0a8d-4588-8dd0-338c5271d0af/resourceGroups/BurgerBuilderRG-ACA/providers/Microsoft.Network/applicationGateways/burger-appgw/backendAddressPools/backend-pool",
                    "backend_address_pool_name": "backend-pool",
                    "backend_http_settings_id": "/subscriptions/4421688c-0a8d-4588-8dd0-338c5271d0af/resourceGroups/BurgerBuilderRG-ACA/providers/Microsoft.Network/applicationGateways/burger-appgw/backendHttpSettingsCollection/backend-settings",
                    "backend_http_settings_name": "backend-settings",
                    "firewall_policy_id": "",
                    "id": "/subscriptions/4421688c-0a8d-4588-8dd0-338c5271d0af/resourceGroups/BurgerBuilderRG-ACA/providers/Microsoft.Network/applicationGateways/burger-appgw/urlPathMaps/burger-path-map/pathRules/api-rule",
                    "name": "api-rule",
                    "paths": [
                      "/api/*"
                    ],
                    "redirect_configuration_id": "",
                    "redirect_configuration_name": "",
                    "rewrite_rule_set_id": "",
                    "rewrite_rule_set_name": ""
                  }
                ]
              }
            ],
            "waf_configuration": [],
            "zones": []
          },
          "sensitive_attributes": [],
          "identity_schema_version": 0,
          "private": "eyJlMmJmYjczMC1lY2FhLTExZTYtOGY4OC0zNDM2M2JjN2M0YzAiOnsiY3JlYXRlIjo1NDAwMDAwMDAwMDAwLCJkZWxldGUiOjU0MDAwMDAwMDAwMDAsInJlYWQiOjMwMDAwMDAwMDAwMCwidXBkYXRlIjo1NDAwMDAwMDAwMDAwfX0=",
          "dependencies": [
            "azurerm_container_app.backend",
            "azurerm_container_app.frontend",
            "azurerm_container_app_environment.env",
            "azurerm_container_registry.acr",
            "azurerm_log_analytics_workspace.la",
            "azurerm_postgresql_flexible_server.db_server",
            "azurerm_postgresql_flexible_server_database.db",
            "azurerm_private_dns_zone.postgres",
            "azurerm_public_ip.appgw_public_ip",
            "azurerm_resource_group.rg",
            "azurerm_subnet.aca_subnet",
            "azurerm_subnet.appgw_subnet",
            "azurerm_subnet.db_subnet",
            "azurerm_virtual_network.vnet"
          ]
        }
      ]
    },
    {
      "mode": "managed",
      "type": "azurerm_container_app",
      "name": "backend",
      "provider": "provider[\"registry.terraform.io/hashicorp/azurerm\"]",
      "instances": [
        {
          "schema_version": 0,
          "attributes": {
            "container_app_environment_id": "/subscriptions/4421688c-0a8d-4588-8dd0-338c5271d0af/resourceGroups/BurgerBuilderRG-ACA/providers/Microsoft.App/managedEnvironments/burgerbuilder-env",
            "custom_domain_verification_id": "C5629A918A3FA55FF147545881A75721689136F00C9C862C48493941404CBD3C",
            "dapr": [],
            "id": "/subscriptions/4421688c-0a8d-4588-8dd0-338c5271d0af/resourceGroups/BurgerBuilderRG-ACA/providers/Microsoft.App/containerApps/backend-api",
            "identity": [],
            "ingress": [
              {
                "allow_insecure_connections": false,
                "custom_domain": [],
                "exposed_port": 0,
                "external_enabled": true,
                "fqdn": "backend-api.thankfulpebble-6e4a73c1.eastus.azurecontainerapps.io",
                "ip_security_restriction": [],
                "target_port": 8080,
                "traffic_weight": [
                  {
                    "label": "",
                    "latest_revision": true,
                    "percentage": 100,
                    "revision_suffix": ""
                  }
                ],
                "transport": "auto"
              }
            ],
            "latest_revision_fqdn": "backend-api--xy7lyym.thankfulpebble-6e4a73c1.eastus.azurecontainerapps.io",
            "latest_revision_name": "backend-api--xy7lyym",
            "location": "eastus",
            "name": "backend-api",
            "outbound_ip_addresses": [
              "20.127.248.50",
              "20.241.171.30",
              "20.169.229.88",
              "20.169.229.46",
              "20.169.229.29",
              "20.169.229.38",
              "20.169.229.62",
              "20.169.229.109",
              "20.169.229.92",
              "20.169.229.27",
              "20.169.229.51",
              "20.169.229.42",
              "20.241.172.248",
              "48.216.192.198",
              "40.90.243.232",
              "40.90.242.126",
              "135.237.112.47",
              "51.8.74.190",
              "4.157.197.142",
              "172.210.91.191",
              "172.210.90.42",
              "40.90.243.227",
              "40.90.243.72",
              "20.241.172.250",
              "52.234.235.220",
              "57.152.55.92",
              "172.212.36.156",
              "172.210.121.45",
              "172.214.2.208",
              "51.8.15.68",
              "172.210.90.119",
              "134.33.213.81",
              "128.203.83.220",
              "20.241.192.93",
              "20.246.203.138",
              "172.212.121.150",
              "172.171.186.158",
              "52.249.213.152",
              "74.179.213.114",
              "4.246.239.152",
              "4.156.216.65",
              "4.157.231.174",
              "172.171.168.136",
              "20.185.213.14",
              "20.246.203.140",
              "13.82.216.169",
              "13.82.216.172",
              "13.82.216.149",
              "52.170.33.171",
              "20.231.246.122",
              "20.231.246.54",
              "40.121.19.105",
              "40.121.18.246",
              "40.121.18.166",
              "40.121.18.60",
              "40.121.18.21",
              "40.121.18.44",
              "40.121.18.41",
              "40.121.18.248",
              "40.121.18.82",
              "40.121.19.108",
              "20.231.247.19",
              "40.121.19.125",
              "40.121.18.46",
              "40.117.125.130",
              "40.121.18.52",
              "40.121.18.33",
              "40.121.18.238",
              "40.121.19.2",
              "40.121.19.122",
              "40.121.19.19",
              "40.121.18.114",
              "20.231.246.253",
              "40.121.18.255",
              "40.121.18.164",
              "40.117.121.106",
              "40.121.18.27",
              "40.121.18.156",
              "40.121.18.117",
              "40.121.18.197",
              "40.121.18.133",
              "40.121.18.112",
              "40.121.18.106",
              "20.241.227.6",
              "40.121.19.89",
              "40.121.19.83",
              "40.121.18.131",
              "40.121.18.201",
              "40.121.18.170",
              "40.121.18.242",
              "13.92.130.42",
              "40.121.19.42",
              "40.121.18.73",
              "40.121.18.43",
              "20.241.226.169",
              "51.8.12.17",
              "4.156.180.142",
              "20.242.162.124",
              "40.121.19.74",
              "40.121.19.40",
              "40.121.18.62",
              "40.121.18.244",
              "74.179.202.176"
            ],
            "registry": [
              {
                "identity": "",
                "password_secret_name": "acr-password",
                "server": "bbrgacrnpxttzhb.azurecr.io",
                "username": "bbrgacrnpxttzhb"
              }
            ],
            "resource_group_name": "BurgerBuilderRG-ACA",
            "revision_mode": "Single",
            "secret": [
              {
                "identity": "",
                "key_vault_secret_id": "",
                "name": "acr-password",
                "value": "D4jAplG0AVAzjD6g3anJyuCduxpXB0zNoOPXdNEQf5+ACRBC7wty"
              }
            ],
            "tags": null,
            "template": [
              {
                "azure_queue_scale_rule": [],
                "container": [
                  {
                    "args": null,
                    "command": null,
                    "cpu": 0.5,
                    "env": [
                      {
                        "name": "DB_HOST",
                        "secret_name": "",
                        "value": "burger-db-server.postgres.database.azure.com"
                      },
                      {
                        "name": "DB_PORT",
                        "secret_name": "",
                        "value": "5432"
                      },
                      {
                        "name": "DB_NAME",
                        "secret_name": "",
                        "value": "burgerbuilder"
                      },
                      {
                        "name": "DB_USERNAME",
                        "secret_name": "",
                        "value": "pgadmin"
                      },
                      {
                        "name": "DB_PASSWORD",
                        "secret_name": "",
                        "value": "YourStrongSQL!Passw0rd"
                      }
                    ],
                    "ephemeral_storage": "2Gi",
                    "image": "bbrgacrnpxttzhb.azurecr.io/burger-backend:latest",
                    "liveness_probe": [],
                    "memory": "1Gi",
                    "name": "backend-container",
                    "readiness_probe": [],
                    "startup_probe": [],
                    "volume_mounts": []
                  }
                ],
                "custom_scale_rule": [],
                "http_scale_rule": [],
                "init_container": [],
                "max_replicas": 10,
                "min_replicas": 0,
                "revision_suffix": "",
                "tcp_scale_rule": [],
                "volume": []
              }
            ],
            "timeouts": null,
            "workload_profile_name": "Consumption"
          },
          "sensitive_attributes": [
            [
              {
                "type": "get_attr",
                "value": "custom_domain_verification_id"
              }
            ],
            [
              {
                "type": "get_attr",
                "value": "secret"
              }
            ],
            [
              {
                "type": "get_attr",
                "value": "template"
              },
              {
                "type": "index",
                "value": {
                  "value": 0,
                  "type": "number"
                }
              },
              {
                "type": "get_attr",
                "value": "container"
              },
              {
                "type": "index",
                "value": {
                  "value": 0,
                  "type": "number"
                }
              },
              {
                "type": "get_attr",
                "value": "env"
              },
              {
                "type": "index",
                "value": {
                  "value": 4,
                  "type": "number"
                }
              },
              {
                "type": "get_attr",
                "value": "value"
              }
            ]
          ],
          "identity_schema_version": 0,
          "private": "eyJlMmJmYjczMC1lY2FhLTExZTYtOGY4OC0zNDM2M2JjN2M0YzAiOnsiY3JlYXRlIjoxODAwMDAwMDAwMDAwLCJkZWxldGUiOjE4MDAwMDAwMDAwMDAsInJlYWQiOjMwMDAwMDAwMDAwMCwidXBkYXRlIjoxODAwMDAwMDAwMDAwfX0=",
          "dependencies": [
            "azurerm_container_app_environment.env",
            "azurerm_container_registry.acr",
            "azurerm_log_analytics_workspace.la",
            "azurerm_postgresql_flexible_server.db_server",
            "azurerm_postgresql_flexible_server_database.db",
            "azurerm_private_dns_zone.postgres",
            "azurerm_resource_group.rg",
            "azurerm_subnet.aca_subnet",
            "azurerm_subnet.db_subnet",
            "azurerm_virtual_network.vnet"
          ]
        }
      ]
    },
    {
      "mode": "managed",
      "type": "azurerm_container_app",
      "name": "frontend",
      "provider": "provider[\"registry.terraform.io/hashicorp/azurerm\"]",
      "instances": [
        {
          "schema_version": 0,
          "attributes": {
            "container_app_environment_id": "/subscriptions/4421688c-0a8d-4588-8dd0-338c5271d0af/resourceGroups/BurgerBuilderRG-ACA/providers/Microsoft.App/managedEnvironments/burgerbuilder-env",
            "custom_domain_verification_id": "C5629A918A3FA55FF147545881A75721689136F00C9C862C48493941404CBD3C",
            "dapr": [],
            "id": "/subscriptions/4421688c-0a8d-4588-8dd0-338c5271d0af/resourceGroups/BurgerBuilderRG-ACA/providers/Microsoft.App/containerApps/frontend-app",
            "identity": [],
            "ingress": [
              {
                "allow_insecure_connections": false,
                "custom_domain": [],
                "exposed_port": 0,
                "external_enabled": true,
                "fqdn": "frontend-app.thankfulpebble-6e4a73c1.eastus.azurecontainerapps.io",
                "ip_security_restriction": [],
                "target_port": 80,
                "traffic_weight": [
                  {
                    "label": "",
                    "latest_revision": true,
                    "percentage": 100,
                    "revision_suffix": ""
                  }
                ],
                "transport": "auto"
              }
            ],
            "latest_revision_fqdn": "frontend-app--40shd82.thankfulpebble-6e4a73c1.eastus.azurecontainerapps.io",
            "latest_revision_name": "frontend-app--40shd82",
            "location": "eastus",
            "name": "frontend-app",
            "outbound_ip_addresses": [
              "20.127.248.50",
              "20.241.171.30",
              "20.169.229.88",
              "20.169.229.46",
              "20.169.229.29",
              "20.169.229.38",
              "20.169.229.62",
              "20.169.229.109",
              "20.169.229.92",
              "20.169.229.27",
              "20.169.229.51",
              "20.169.229.42",
              "20.241.172.248",
              "48.216.192.198",
              "40.90.243.232",
              "40.90.242.126",
              "135.237.112.47",
              "51.8.74.190",
              "4.157.197.142",
              "172.210.91.191",
              "172.210.90.42",
              "40.90.243.227",
              "40.90.243.72",
              "20.241.172.250",
              "52.234.235.220",
              "57.152.55.92",
              "172.212.36.156",
              "172.210.121.45",
              "172.214.2.208",
              "51.8.15.68",
              "172.210.90.119",
              "134.33.213.81",
              "128.203.83.220",
              "20.241.192.93",
              "20.246.203.138",
              "172.212.121.150",
              "172.171.186.158",
              "52.249.213.152",
              "74.179.213.114",
              "4.246.239.152",
              "4.156.216.65",
              "4.157.231.174",
              "172.171.168.136",
              "20.185.213.14",
              "20.246.203.140",
              "13.82.216.169",
              "13.82.216.172",
              "13.82.216.149",
              "52.170.33.171",
              "20.231.246.122",
              "20.231.246.54",
              "40.121.19.105",
              "40.121.18.246",
              "40.121.18.166",
              "40.121.18.60",
              "40.121.18.21",
              "40.121.18.44",
              "40.121.18.41",
              "40.121.18.248",
              "40.121.18.82",
              "40.121.19.108",
              "20.231.247.19",
              "40.121.19.125",
              "40.121.18.46",
              "40.117.125.130",
              "40.121.18.52",
              "40.121.18.33",
              "40.121.18.238",
              "40.121.19.2",
              "40.121.19.122",
              "40.121.19.19",
              "40.121.18.114",
              "20.231.246.253",
              "40.121.18.255",
              "40.121.18.164",
              "40.117.121.106",
              "40.121.18.27",
              "40.121.18.156",
              "40.121.18.117",
              "40.121.18.197",
              "40.121.18.133",
              "40.121.18.112",
              "40.121.18.106",
              "20.241.227.6",
              "40.121.19.89",
              "40.121.19.83",
              "40.121.18.131",
              "40.121.18.201",
              "40.121.18.170",
              "40.121.18.242",
              "13.92.130.42",
              "40.121.19.42",
              "40.121.18.73",
              "40.121.18.43",
              "20.241.226.169",
              "51.8.12.17",
              "4.156.180.142",
              "20.242.162.124",
              "40.121.19.74",
              "40.121.19.40",
              "40.121.18.62",
              "40.121.18.244",
              "74.179.202.176"
            ],
            "registry": [
              {
                "identity": "",
                "password_secret_name": "acr-password-fe",
                "server": "bbrgacrnpxttzhb.azurecr.io",
                "username": "bbrgacrnpxttzhb"
              }
            ],
            "resource_group_name": "BurgerBuilderRG-ACA",
            "revision_mode": "Single",
            "secret": [
              {
                "identity": "",
                "key_vault_secret_id": "",
                "name": "acr-password-fe",
                "value": "D4jAplG0AVAzjD6g3anJyuCduxpXB0zNoOPXdNEQf5+ACRBC7wty"
              }
            ],
            "tags": null,
            "template": [
              {
                "azure_queue_scale_rule": [],
                "container": [
                  {
                    "args": null,
                    "command": null,
                    "cpu": 0.25,
                    "env": [
                      {
                        "name": "VITE_API_BASE_URL",
                        "secret_name": "",
                        "value": "http://backend-api.thankfulpebble-6e4a73c1.eastus.azurecontainerapps.io:8080/api"
                      }
                    ],
                    "ephemeral_storage": "1Gi",
                    "image": "bbrgacrnpxttzhb.azurecr.io/burger-frontend:latest",
                    "liveness_probe": [],
                    "memory": "0.5Gi",
                    "name": "frontend-container",
                    "readiness_probe": [],
                    "startup_probe": [],
                    "volume_mounts": []
                  }
                ],
                "custom_scale_rule": [],
                "http_scale_rule": [],
                "init_container": [],
                "max_replicas": 10,
                "min_replicas": 0,
                "revision_suffix": "",
                "tcp_scale_rule": [],
                "volume": []
              }
            ],
            "timeouts": null,
            "workload_profile_name": "Consumption"
          },
          "sensitive_attributes": [
            [
              {
                "type": "get_attr",
                "value": "custom_domain_verification_id"
              }
            ],
            [
              {
                "type": "get_attr",
                "value": "secret"
              }
            ]
          ],
          "identity_schema_version": 0,
          "private": "eyJlMmJmYjczMC1lY2FhLTExZTYtOGY4OC0zNDM2M2JjN2M0YzAiOnsiY3JlYXRlIjoxODAwMDAwMDAwMDAwLCJkZWxldGUiOjE4MDAwMDAwMDAwMDAsInJlYWQiOjMwMDAwMDAwMDAwMCwidXBkYXRlIjoxODAwMDAwMDAwMDAwfX0=",
          "dependencies": [
            "azurerm_container_app.backend",
            "azurerm_container_app_environment.env",
            "azurerm_container_registry.acr",
            "azurerm_log_analytics_workspace.la",
            "azurerm_postgresql_flexible_server.db_server",
            "azurerm_postgresql_flexible_server_database.db",
            "azurerm_private_dns_zone.postgres",
            "azurerm_resource_group.rg",
            "azurerm_subnet.aca_subnet",
            "azurerm_subnet.db_subnet",
            "azurerm_virtual_network.vnet"
          ]
        }
      ]
    },
    {
      "mode": "managed",
      "type": "azurerm_container_app_environment",
      "name": "env",
      "provider": "provider[\"registry.terraform.io/hashicorp/azurerm\"]",
      "instances": [
        {
          "schema_version": 0,
          "attributes": {
            "custom_domain_verification_id": "C5629A918A3FA55FF147545881A75721689136F00C9C862C48493941404CBD3C",
            "dapr_application_insights_connection_string": "",
            "default_domain": "thankfulpebble-6e4a73c1.eastus.azurecontainerapps.io",
            "docker_bridge_cidr": "",
            "id": "/subscriptions/4421688c-0a8d-4588-8dd0-338c5271d0af/resourceGroups/BurgerBuilderRG-ACA/providers/Microsoft.App/managedEnvironments/burgerbuilder-env",
            "infrastructure_resource_group_name": "ME_burgerbuilder-env_BurgerBuilderRG-ACA_eastus",
            "infrastructure_subnet_id": "/subscriptions/4421688c-0a8d-4588-8dd0-338c5271d0af/resourceGroups/BurgerBuilderRG-ACA/providers/Microsoft.Network/virtualNetworks/burger-vnet/subnets/aca-subnet",
            "internal_load_balancer_enabled": true,
            "location": "eastus",
            "log_analytics_workspace_id": "/subscriptions/4421688c-0a8d-4588-8dd0-338c5271d0af/resourceGroups/BurgerBuilderRG-ACA/providers/Microsoft.OperationalInsights/workspaces/burgerlogs",
            "mutual_tls_enabled": false,
            "name": "burgerbuilder-env",
            "platform_reserved_cidr": "",
            "platform_reserved_dns_ip_address": "",
            "resource_group_name": "BurgerBuilderRG-ACA",
            "static_ip_address": "10.10.1.24",
            "tags": null,
            "timeouts": null,
            "workload_profile": [
              {
                "maximum_count": null,
                "minimum_count": null,
                "name": "Consumption",
                "workload_profile_type": "Consumption"
              }
            ],
            "zone_redundancy_enabled": false
          },
          "sensitive_attributes": [
            [
              {
                "type": "get_attr",
                "value": "dapr_application_insights_connection_string"
              }
            ]
          ],
          "identity_schema_version": 0,
          "private": "eyJlMmJmYjczMC1lY2FhLTExZTYtOGY4OC0zNDM2M2JjN2M0YzAiOnsiY3JlYXRlIjoxODAwMDAwMDAwMDAwLCJkZWxldGUiOjE4MDAwMDAwMDAwMDAsInJlYWQiOjMwMDAwMDAwMDAwMCwidXBkYXRlIjoxODAwMDAwMDAwMDAwfX0=",
          "dependencies": [
            "azurerm_log_analytics_workspace.la",
            "azurerm_resource_group.rg",
            "azurerm_subnet.aca_subnet",
            "azurerm_virtual_network.vnet"
          ]
        }
      ]
    },
    {
      "mode": "managed",
      "type": "azurerm_container_registry",
      "name": "acr",
      "provider": "provider[\"registry.terraform.io/hashicorp/azurerm\"]",
      "instances": [
        {
          "schema_version": 2,
          "attributes": {
            "admin_enabled": true,
            "admin_password": "D4jAplG0AVAzjD6g3anJyuCduxpXB0zNoOPXdNEQf5+ACRBC7wty",
            "admin_username": "bbrgacrnpxttzhb",
            "anonymous_pull_enabled": false,
            "data_endpoint_enabled": false,
            "encryption": [
              {
                "enabled": false,
                "identity_client_id": "",
                "key_vault_key_id": ""
              }
            ],
            "export_policy_enabled": true,
            "georeplications": [],
            "id": "/subscriptions/4421688c-0a8d-4588-8dd0-338c5271d0af/resourceGroups/BurgerBuilderRG-ACA/providers/Microsoft.ContainerRegistry/registries/bbrgacrnpxttzhb",
            "identity": [],
            "location": "eastus",
            "login_server": "bbrgacrnpxttzhb.azurecr.io",
            "name": "bbrgacrnpxttzhb",
            "network_rule_bypass_option": "AzureServices",
            "network_rule_set": [],
            "public_network_access_enabled": true,
            "quarantine_policy_enabled": false,
            "resource_group_name": "BurgerBuilderRG-ACA",
            "retention_policy": [
              {
                "days": 7,
                "enabled": false
              }
            ],
            "sku": "Basic",
            "tags": {},
            "timeouts": null,
            "trust_policy": [
              {
                "enabled": false
              }
            ],
            "zone_redundancy_enabled": false
          },
          "sensitive_attributes": [
            [
              {
                "type": "get_attr",
                "value": "admin_password"
              }
            ]
          ],
          "identity_schema_version": 0,
          "private": "eyJlMmJmYjczMC1lY2FhLTExZTYtOGY4OC0zNDM2M2JjN2M0YzAiOnsiY3JlYXRlIjoxODAwMDAwMDAwMDAwLCJkZWxldGUiOjE4MDAwMDAwMDAwMDAsInJlYWQiOjMwMDAwMDAwMDAwMCwidXBkYXRlIjoxODAwMDAwMDAwMDAwfSwic2NoZW1hX3ZlcnNpb24iOiIyIn0=",
          "dependencies": [
            "azurerm_resource_group.rg"
          ]
        }
      ]
    },
    {
      "mode": "managed",
      "type": "azurerm_log_analytics_workspace",
      "name": "la",
      "provider": "provider[\"registry.terraform.io/hashicorp/azurerm\"]",
      "instances": [
        {
          "schema_version": 3,
          "attributes": {
            "allow_resource_only_permissions": true,
            "cmk_for_query_forced": false,
            "daily_quota_gb": -1,
            "data_collection_rule_id": "",
            "id": "/subscriptions/4421688c-0a8d-4588-8dd0-338c5271d0af/resourceGroups/BurgerBuilderRG-ACA/providers/Microsoft.OperationalInsights/workspaces/burgerlogs",
            "identity": [],
            "immediate_data_purge_on_30_days_enabled": false,
            "internet_ingestion_enabled": true,
            "internet_query_enabled": true,
            "local_authentication_disabled": false,
            "location": "eastus",
            "name": "burgerlogs",
            "primary_shared_key": "rzguDsFQ+9sKFr0vgdwwOPIsExLBCMUd8331BzqHf+n6q3d2p88UbAEDkA1C7ZMlmKpW8WLLhqvpLGbMaGJJNQ==",
            "reservation_capacity_in_gb_per_day": null,
            "resource_group_name": "BurgerBuilderRG-ACA",
            "retention_in_days": 30,
            "secondary_shared_key": "P/CvIpxlk0L3oLvLmSSvtcjd4pgEoi4gc+GhrXXsfMjA3WFR3+8Q0hasYkrbofnpnp6NEPRBB1m3NqmKHBuN7Q==",
            "sku": "PerGB2018",
            "tags": {},
            "timeouts": null,
            "workspace_id": "d2fd0170-8362-4eed-b606-71fa4696df18"
          },
          "sensitive_attributes": [
            [
              {
                "type": "get_attr",
                "value": "primary_shared_key"
              }
            ],
            [
              {
                "type": "get_attr",
                "value": "secondary_shared_key"
              }
            ]
          ],
          "identity_schema_version": 0,
          "private": "eyJlMmJmYjczMC1lY2FhLTExZTYtOGY4OC0zNDM2M2JjN2M0YzAiOnsiY3JlYXRlIjoxODAwMDAwMDAwMDAwLCJkZWxldGUiOjE4MDAwMDAwMDAwMDAsInJlYWQiOjMwMDAwMDAwMDAwMCwidXBkYXRlIjoxODAwMDAwMDAwMDAwfSwic2NoZW1hX3ZlcnNpb24iOiIzIn0=",
          "dependencies": [
            "azurerm_resource_group.rg"
          ]
        }
      ]
    },
    {
      "mode": "managed",
      "type": "azurerm_postgresql_flexible_server",
      "name": "db_server",
      "provider": "provider[\"registry.terraform.io/hashicorp/azurerm\"]",
      "instances": [
        {
          "schema_version": 0,
          "attributes": {
            "administrator_login": "pgadmin",
            "administrator_password": "YourStrongSQL!Passw0rd",
            "authentication": [
              {
                "active_directory_auth_enabled": false,
                "password_auth_enabled": true,
                "tenant_id": ""
              }
            ],
            "auto_grow_enabled": false,
            "backup_retention_days": 7,
            "create_mode": null,
            "customer_managed_key": [],
            "delegated_subnet_id": "/subscriptions/4421688c-0a8d-4588-8dd0-338c5271d0af/resourceGroups/BurgerBuilderRG-ACA/providers/Microsoft.Network/virtualNetworks/burger-vnet/subnets/db-subnet",
            "fqdn": "burger-db-server.postgres.database.azure.com",
            "geo_redundant_backup_enabled": false,
            "high_availability": [],
            "id": "/subscriptions/4421688c-0a8d-4588-8dd0-338c5271d0af/resourceGroups/BurgerBuilderRG-ACA/providers/Microsoft.DBforPostgreSQL/flexibleServers/burger-db-server",
            "identity": [],
            "location": "eastus",
            "maintenance_window": [],
            "name": "burger-db-server",
            "point_in_time_restore_time_in_utc": null,
            "private_dns_zone_id": "/subscriptions/4421688c-0a8d-4588-8dd0-338c5271d0af/resourceGroups/BurgerBuilderRG-ACA/providers/Microsoft.Network/privateDnsZones/privatelink.postgres.database.azure.com",
            "public_network_access_enabled": false,
            "replication_role": "",
            "resource_group_name": "BurgerBuilderRG-ACA",
            "sku_name": "GP_Standard_D2ds_v4",
            "source_server_id": null,
            "storage_mb": 32768,
            "storage_tier": "P4",
            "tags": {},
            "timeouts": null,
            "version": "14",
            "zone": "1"
          },
          "sensitive_attributes": [
            [
              {
                "type": "get_attr",
                "value": "administrator_password"
              }
            ]
          ],
          "identity_schema_version": 0,
          "private": "eyJlMmJmYjczMC1lY2FhLTExZTYtOGY4OC0zNDM2M2JjN2M0YzAiOnsiY3JlYXRlIjozNjAwMDAwMDAwMDAwLCJkZWxldGUiOjM2MDAwMDAwMDAwMDAsInJlYWQiOjMwMDAwMDAwMDAwMCwidXBkYXRlIjozNjAwMDAwMDAwMDAwfX0=",
          "dependencies": [
            "azurerm_private_dns_zone.postgres",
            "azurerm_resource_group.rg",
            "azurerm_subnet.db_subnet",
            "azurerm_virtual_network.vnet"
          ]
        }
      ]
    },
    {
      "mode": "managed",
      "type": "azurerm_postgresql_flexible_server_database",
      "name": "db",
      "provider": "provider[\"registry.terraform.io/hashicorp/azurerm\"]",
      "instances": [
        {
          "schema_version": 0,
          "attributes": {
            "charset": "UTF8",
            "collation": "C",
            "id": "/subscriptions/4421688c-0a8d-4588-8dd0-338c5271d0af/resourceGroups/BurgerBuilderRG-ACA/providers/Microsoft.DBforPostgreSQL/flexibleServers/burger-db-server/databases/burgerbuilder",
            "name": "burgerbuilder",
            "server_id": "/subscriptions/4421688c-0a8d-4588-8dd0-338c5271d0af/resourceGroups/BurgerBuilderRG-ACA/providers/Microsoft.DBforPostgreSQL/flexibleServers/burger-db-server",
            "timeouts": null
          },
          "sensitive_attributes": [],
          "identity_schema_version": 0,
          "private": "eyJlMmJmYjczMC1lY2FhLTExZTYtOGY4OC0zNDM2M2JjN2M0YzAiOnsiY3JlYXRlIjoxODAwMDAwMDAwMDAwLCJkZWxldGUiOjE4MDAwMDAwMDAwMDAsInJlYWQiOjMwMDAwMDAwMDAwMH19",
          "dependencies": [
            "azurerm_postgresql_flexible_server.db_server",
            "azurerm_private_dns_zone.postgres",
            "azurerm_resource_group.rg",
            "azurerm_subnet.db_subnet",
            "azurerm_virtual_network.vnet"
          ]
        }
      ]
    },
    {
      "mode": "managed",
      "type": "azurerm_private_dns_zone",
      "name": "postgres",
      "provider": "provider[\"registry.terraform.io/hashicorp/azurerm\"]",
      "instances": [
        {
          "schema_version": 0,
          "attributes": {
            "id": "/subscriptions/4421688c-0a8d-4588-8dd0-338c5271d0af/resourceGroups/BurgerBuilderRG-ACA/providers/Microsoft.Network/privateDnsZones/privatelink.postgres.database.azure.com",
            "max_number_of_record_sets": 25000,
            "max_number_of_virtual_network_links": 1000,
            "max_number_of_virtual_network_links_with_registration": 100,
            "name": "privatelink.postgres.database.azure.com",
            "number_of_record_sets": 2,
            "resource_group_name": "BurgerBuilderRG-ACA",
            "soa_record": [
              {
                "email": "azureprivatedns-host.microsoft.com",
                "expire_time": 2419200,
                "fqdn": "privatelink.postgres.database.azure.com.",
                "host_name": "azureprivatedns.net",
                "minimum_ttl": 10,
                "refresh_time": 3600,
                "retry_time": 300,
                "serial_number": 1,
                "tags": {},
                "ttl": 3600
              }
            ],
            "tags": {},
            "timeouts": null
          },
          "sensitive_attributes": [],
          "identity_schema_version": 0,
          "private": "eyJlMmJmYjczMC1lY2FhLTExZTYtOGY4OC0zNDM2M2JjN2M0YzAiOnsiY3JlYXRlIjoxODAwMDAwMDAwMDAwLCJkZWxldGUiOjE4MDAwMDAwMDAwMDAsInJlYWQiOjMwMDAwMDAwMDAwMCwidXBkYXRlIjoxODAwMDAwMDAwMDAwfX0=",
          "dependencies": [
            "azurerm_resource_group.rg"
          ]
        }
      ]
    },
    {
      "mode": "managed",
      "type": "azurerm_public_ip",
      "name": "appgw_public_ip",
      "provider": "provider[\"registry.terraform.io/hashicorp/azurerm\"]",
      "instances": [
        {
          "schema_version": 0,
          "attributes": {
            "allocation_method": "Static",
            "ddos_protection_mode": "VirtualNetworkInherited",
            "ddos_protection_plan_id": null,
            "domain_name_label": null,
            "edge_zone": "",
            "fqdn": null,
            "id": "/subscriptions/4421688c-0a8d-4588-8dd0-338c5271d0af/resourceGroups/BurgerBuilderRG-ACA/providers/Microsoft.Network/publicIPAddresses/appgw-public-ip",
            "idle_timeout_in_minutes": 4,
            "ip_address": "172.171.222.115",
            "ip_tags": {},
            "ip_version": "IPv4",
            "location": "eastus",
            "name": "appgw-public-ip",
            "public_ip_prefix_id": null,
            "resource_group_name": "BurgerBuilderRG-ACA",
            "reverse_fqdn": null,
            "sku": "Standard",
            "sku_tier": "Regional",
            "tags": {},
            "timeouts": null,
            "zones": []
          },
          "sensitive_attributes": [],
          "identity_schema_version": 0,
          "private": "eyJlMmJmYjczMC1lY2FhLTExZTYtOGY4OC0zNDM2M2JjN2M0YzAiOnsiY3JlYXRlIjoxODAwMDAwMDAwMDAwLCJkZWxldGUiOjE4MDAwMDAwMDAwMDAsInJlYWQiOjMwMDAwMDAwMDAwMCwidXBkYXRlIjoxODAwMDAwMDAwMDAwfX0=",
          "dependencies": [
            "azurerm_resource_group.rg"
          ]
        }
      ]
    },
    {
      "mode": "managed",
      "type": "azurerm_resource_group",
      "name": "rg",
      "provider": "provider[\"registry.terraform.io/hashicorp/azurerm\"]",
      "instances": [
        {
          "schema_version": 0,
          "attributes": {
            "id": "/subscriptions/4421688c-0a8d-4588-8dd0-338c5271d0af/resourceGroups/BurgerBuilderRG-ACA",
            "location": "eastus",
            "managed_by": "",
            "name": "BurgerBuilderRG-ACA",
            "tags": {},
            "timeouts": null
          },
          "sensitive_attributes": [],
          "identity_schema_version": 0,
          "private": "eyJlMmJmYjczMC1lY2FhLTExZTYtOGY4OC0zNDM2M2JjN2M0YzAiOnsiY3JlYXRlIjo1NDAwMDAwMDAwMDAwLCJkZWxldGUiOjU0MDAwMDAwMDAwMDAsInJlYWQiOjMwMDAwMDAwMDAwMCwidXBkYXRlIjo1NDAwMDAwMDAwMDAwfSwic2NoZW1hX3ZlcnNpb24iOiIwIn0="
        }
      ]
    },
    {
      "mode": "managed",
      "type": "azurerm_subnet",
      "name": "aca_subnet",
      "provider": "provider[\"registry.terraform.io/hashicorp/azurerm\"]",
      "instances": [
        {
          "schema_version": 0,
          "attributes": {
            "address_prefixes": [
              "10.10.1.0/24"
            ],
            "default_outbound_access_enabled": true,
            "delegation": [
              {
                "name": "delegation-aca",
                "service_delegation": [
                  {
                    "actions": [
                      "Microsoft.Network/virtualNetworks/subnets/join/action"
                    ],
                    "name": "Microsoft.App/environments"
                  }
                ]
              }
            ],
            "enforce_private_link_endpoint_network_policies": false,
            "enforce_private_link_service_network_policies": false,
            "id": "/subscriptions/4421688c-0a8d-4588-8dd0-338c5271d0af/resourceGroups/BurgerBuilderRG-ACA/providers/Microsoft.Network/virtualNetworks/burger-vnet/subnets/aca-subnet",
            "name": "aca-subnet",
            "private_endpoint_network_policies": "Enabled",
            "private_endpoint_network_policies_enabled": true,
            "private_link_service_network_policies_enabled": true,
            "resource_group_name": "BurgerBuilderRG-ACA",
            "service_endpoint_policy_ids": [],
            "service_endpoints": [],
            "timeouts": null,
            "virtual_network_name": "burger-vnet"
          },
          "sensitive_attributes": [],
          "identity_schema_version": 0,
          "private": "eyJlMmJmYjczMC1lY2FhLTExZTYtOGY4OC0zNDM2M2JjN2M0YzAiOnsiY3JlYXRlIjoxODAwMDAwMDAwMDAwLCJkZWxldGUiOjE4MDAwMDAwMDAwMDAsInJlYWQiOjMwMDAwMDAwMDAwMCwidXBkYXRlIjoxODAwMDAwMDAwMDAwfX0=",
          "dependencies": [
            "azurerm_resource_group.rg",
            "azurerm_virtual_network.vnet"
          ]
        }
      ]
    },
    {
      "mode": "managed",
      "type": "azurerm_subnet",
      "name": "appgw_subnet",
      "provider": "provider[\"registry.terraform.io/hashicorp/azurerm\"]",
      "instances": [
        {
          "schema_version": 0,
          "attributes": {
            "address_prefixes": [
              "10.10.3.0/24"
            ],
            "default_outbound_access_enabled": true,
            "delegation": [],
            "enforce_private_link_endpoint_network_policies": false,
            "enforce_private_link_service_network_policies": false,
            "id": "/subscriptions/4421688c-0a8d-4588-8dd0-338c5271d0af/resourceGroups/BurgerBuilderRG-ACA/providers/Microsoft.Network/virtualNetworks/burger-vnet/subnets/appgw-subnet",
            "name": "appgw-subnet",
            "private_endpoint_network_policies": "Enabled",
            "private_endpoint_network_policies_enabled": true,
            "private_link_service_network_policies_enabled": true,
            "resource_group_name": "BurgerBuilderRG-ACA",
            "service_endpoint_policy_ids": [],
            "service_endpoints": [],
            "timeouts": null,
            "virtual_network_name": "burger-vnet"
          },
          "sensitive_attributes": [],
          "identity_schema_version": 0,
          "private": "eyJlMmJmYjczMC1lY2FhLTExZTYtOGY4OC0zNDM2M2JjN2M0YzAiOnsiY3JlYXRlIjoxODAwMDAwMDAwMDAwLCJkZWxldGUiOjE4MDAwMDAwMDAwMDAsInJlYWQiOjMwMDAwMDAwMDAwMCwidXBkYXRlIjoxODAwMDAwMDAwMDAwfX0=",
          "dependencies": [
            "azurerm_resource_group.rg",
            "azurerm_virtual_network.vnet"
          ]
        }
      ]
    },
    {
      "mode": "managed",
      "type": "azurerm_subnet",
      "name": "db_subnet",
      "provider": "provider[\"registry.terraform.io/hashicorp/azurerm\"]",
      "instances": [
        {
          "schema_version": 0,
          "attributes": {
            "address_prefixes": [
              "10.10.2.0/24"
            ],
            "default_outbound_access_enabled": true,
            "delegation": [
              {
                "name": "delegation-postgres",
                "service_delegation": [
                  {
                    "actions": [
                      "Microsoft.Network/virtualNetworks/subnets/join/action"
                    ],
                    "name": "Microsoft.DBforPostgreSQL/flexibleServers"
                  }
                ]
              }
            ],
            "enforce_private_link_endpoint_network_policies": false,
            "enforce_private_link_service_network_policies": false,
            "id": "/subscriptions/4421688c-0a8d-4588-8dd0-338c5271d0af/resourceGroups/BurgerBuilderRG-ACA/providers/Microsoft.Network/virtualNetworks/burger-vnet/subnets/db-subnet",
            "name": "db-subnet",
            "private_endpoint_network_policies": "Enabled",
            "private_endpoint_network_policies_enabled": true,
            "private_link_service_network_policies_enabled": true,
            "resource_group_name": "BurgerBuilderRG-ACA",
            "service_endpoint_policy_ids": [],
            "service_endpoints": [],
            "timeouts": null,
            "virtual_network_name": "burger-vnet"
          },
          "sensitive_attributes": [],
          "identity_schema_version": 0,
          "private": "eyJlMmJmYjczMC1lY2FhLTExZTYtOGY4OC0zNDM2M2JjN2M0YzAiOnsiY3JlYXRlIjoxODAwMDAwMDAwMDAwLCJkZWxldGUiOjE4MDAwMDAwMDAwMDAsInJlYWQiOjMwMDAwMDAwMDAwMCwidXBkYXRlIjoxODAwMDAwMDAwMDAwfX0=",
          "dependencies": [
            "azurerm_resource_group.rg",
            "azurerm_virtual_network.vnet"
          ]
        }
      ]
    },
    {
      "mode": "managed",
      "type": "azurerm_virtual_network",
      "name": "vnet",
      "provider": "provider[\"registry.terraform.io/hashicorp/azurerm\"]",
      "instances": [
        {
          "schema_version": 0,
          "attributes": {
            "address_space": [
              "10.10.0.0/16"
            ],
            "bgp_community": "",
            "ddos_protection_plan": [],
            "dns_servers": [],
            "edge_zone": "",
            "encryption": [],
            "flow_timeout_in_minutes": 0,
            "guid": "a8883e29-3c82-40e7-a67d-9788ce3971a7",
            "id": "/subscriptions/4421688c-0a8d-4588-8dd0-338c5271d0af/resourceGroups/BurgerBuilderRG-ACA/providers/Microsoft.Network/virtualNetworks/burger-vnet",
            "location": "eastus",
            "name": "burger-vnet",
            "resource_group_name": "BurgerBuilderRG-ACA",
            "subnet": [
              {
                "address_prefix": "10.10.1.0/24",
                "id": "/subscriptions/4421688c-0a8d-4588-8dd0-338c5271d0af/resourceGroups/BurgerBuilderRG-ACA/providers/Microsoft.Network/virtualNetworks/burger-vnet/subnets/aca-subnet",
                "name": "aca-subnet",
                "security_group": ""
              },
              {
                "address_prefix": "10.10.2.0/24",
                "id": "/subscriptions/4421688c-0a8d-4588-8dd0-338c5271d0af/resourceGroups/BurgerBuilderRG-ACA/providers/Microsoft.Network/virtualNetworks/burger-vnet/subnets/db-subnet",
                "name": "db-subnet",
                "security_group": ""
              },
              {
                "address_prefix": "10.10.3.0/24",
                "id": "/subscriptions/4421688c-0a8d-4588-8dd0-338c5271d0af/resourceGroups/BurgerBuilderRG-ACA/providers/Microsoft.Network/virtualNetworks/burger-vnet/subnets/appgw-subnet",
                "name": "appgw-subnet",
                "security_group": "/subscriptions/4421688c-0a8d-4588-8dd0-338c5271d0af/resourceGroups/BurgerBuilderRG-ACA/providers/Microsoft.Network/networkSecurityGroups/burger-appgw-nsg"
              }
            ],
            "tags": {},
            "timeouts": null
          },
          "sensitive_attributes": [],
          "identity_schema_version": 0,
          "private": "eyJlMmJmYjczMC1lY2FhLTExZTYtOGY4OC0zNDM2M2JjN2M0YzAiOnsiY3JlYXRlIjoxODAwMDAwMDAwMDAwLCJkZWxldGUiOjE4MDAwMDAwMDAwMDAsInJlYWQiOjMwMDAwMDAwMDAwMCwidXBkYXRlIjoxODAwMDAwMDAwMDAwfX0=",
          "dependencies": [
            "azurerm_resource_group.rg"
          ]
        }
      ]
    }
  ],
  "check_results": null
}
